
Microsoft Visual Studio Solution File, Format Version 12.00
# Visual Studio Version 16
VisualStudioVersion = 16.0.29519.87
MinimumVisualStudioVersion = 10.0.40219.1
Project("{FAE04EC0-301F-11D3-BF4B-00C04F79EFBC}") = "Dziennik Pracy", "Dziennik Pracy\Dziennik Pracy.csproj", "{FB7410B7-02A2-4880-BD77-FCA11281BAA6}"
EndProject
Global
	GlobalSection(SolutionConfigurationPlatforms) = preSolution
		Debug|Any CPU = Debug|Any CPU
		Release|Any CPU = Release|Any CPU
	EndGlobalSection
	GlobalSection(ProjectConfigurationPlatforms) = postSolution
		{FB7410B7-02A2-4880-BD77-FCA11281BAA6}.Debug|Any CPU.ActiveCfg = Debug|Any CPU
		{FB7410B7-02A2-4880-BD77-FCA11281BAA6}.Debug|Any CPU.Build.0 = Debug|Any CPU
		{FB7410B7-02A2-4880-BD77-FCA11281BAA6}.Release|Any CPU.ActiveCfg = Release|Any CPU
		{FB7410B7-02A2-4880-BD77-FCA11281BAA6}.Release|Any CPU.Build.0 = Release|Any CPU
	EndGlobalSection
	GlobalSection(SolutionProperties) = preSolution
		HideSolutionNode = FALSE
	EndGlobalSection
	GlobalSection(ExtensibilityGlobals) = postSolution
		SolutionGuid = {DEEE1480-2BB2-42D4-9E63-A37F95778835}
	EndGlobalSection
EndGlobal
